
Microsoft Visual Studio Solution File, Format Version 12.00
# Visual Studio Version 17
VisualStudioVersion = 17.10.34916.146
MinimumVisualStudioVersion = 10.0.40219.1
Project("{9A19103F-16F7-4668-BE54-9A1E7A4F7556}") = "Fiap.CidadesInteligentes.ColetaResiduos.Api", "Fiap.CidadesInteligentes.ColetaResiduos.Api\Fiap.CidadesInteligentes.ColetaResiduos.Api.csproj", "{AE773656-7F45-43E8-AC6A-E77DE2033AFB}"
EndProject
Project("{FAE04EC0-301F-11D3-BF4B-00C04F79EFBC}") = "Fiap.CidadesInteligentes.ColetaResiduos.Test", "Fiap.CidadesInteligentes.ColetaResiduos.Test\Fiap.CidadesInteligentes.ColetaResiduos.Test.csproj", "{61F6A1B7-C974-4A0B-BD37-72016D31CDB2}"
EndProject
Global
	GlobalSection(SolutionConfigurationPlatforms) = preSolution
		Debug|Any CPU = Debug|Any CPU
		Release|Any CPU = Release|Any CPU
	EndGlobalSection
	GlobalSection(ProjectConfigurationPlatforms) = postSolution
		{AE773656-7F45-43E8-AC6A-E77DE2033AFB}.Debug|Any CPU.ActiveCfg = Debug|Any CPU
		{AE773656-7F45-43E8-AC6A-E77DE2033AFB}.Debug|Any CPU.Build.0 = Debug|Any CPU
		{AE773656-7F45-43E8-AC6A-E77DE2033AFB}.Release|Any CPU.ActiveCfg = Release|Any CPU
		{AE773656-7F45-43E8-AC6A-E77DE2033AFB}.Release|Any CPU.Build.0 = Release|Any CPU
		{61F6A1B7-C974-4A0B-BD37-72016D31CDB2}.Debug|Any CPU.ActiveCfg = Debug|Any CPU
		{61F6A1B7-C974-4A0B-BD37-72016D31CDB2}.Debug|Any CPU.Build.0 = Debug|Any CPU
		{61F6A1B7-C974-4A0B-BD37-72016D31CDB2}.Release|Any CPU.ActiveCfg = Release|Any CPU
		{61F6A1B7-C974-4A0B-BD37-72016D31CDB2}.Release|Any CPU.Build.0 = Release|Any CPU
	EndGlobalSection
	GlobalSection(SolutionProperties) = preSolution
		HideSolutionNode = FALSE
	EndGlobalSection
	GlobalSection(ExtensibilityGlobals) = postSolution
		SolutionGuid = {387721E0-7100-45ED-B0B1-F1302CF46709}
	EndGlobalSection
EndGlobal
